PODS:
  - Alamofire (5.4.3)
  - AlertToast (1.3.0)
  - KakaJSON (1.1.2)
  - MotionComponents (0.1.0):
    - MotionComponents/Extensions (= 0.1.0)
    - MotionComponents/Networking (= 0.1.0)
    - MotionComponents/Tools (= 0.1.0)
  - MotionComponents/Extensions (0.1.0):
    - SwifterSwift/Dispatch
    - SwifterSwift/Foundation
    - SwifterSwift/SwiftStdlib
  - MotionComponents/Networking (0.1.0):
    - KakaJSON
    - Moya/Combine (~> 15.0)
    - SwiftyJSON
  - MotionComponents/Tools (0.1.0):
    - MotionComponents/Extensions
  - Moya/Combine (15.0.0):
    - Moya/Core
  - Moya/Core (15.0.0):
    - Alamofire (~> 5.0)
  - SwifterSwift/Dispatch (5.2.0)
  - SwifterSwift/Foundation (5.2.0)
  - SwifterSwift/SwiftStdlib (5.2.0)
  - SwiftyJSON (5.0.1)

DEPENDENCIES:
  - AlertToast
  - MotionComponents (from `../Motion-IOS/MotionComponents`)

SPEC REPOS:
  trunk:
    - Alamofire
    - AlertToast
    - KakaJSON
    - Moya
    - SwifterSwift
    - SwiftyJSON

EXTERNAL SOURCES:
  MotionComponents:
    :path: "../Motion-IOS/MotionComponents"

SPEC CHECKSUMS:
  Alamofire: e447a2774a40c996748296fa2c55112fdbbc42f9
  AlertToast: e5598c9f0e0e049b7b5b0d434cd75ee7150ca11c
  KakaJSON: cc5ff50a8c1cfbb09413db8496cb709a209e6137
  MotionComponents: 73f309e42fcb5ecaa5e44153f7cb6fcf4753d232
  Moya: 138f0573e53411fb3dc17016add0b748dfbd78ee
  SwifterSwift: 334181863c416882d97b7a60c05054d9e4d799e2
  SwiftyJSON: 2f33a42c6fbc52764d96f13368585094bfd8aa5e

PODFILE CHECKSUM: 85ddf75a41f3447ed5b29a15a132257312c84c46

COCOAPODS: 1.10.2
